
Microsoft Visual Studio Solution File, Format Version 11.00
# Visual Studio 2010
Project("{F184B08F-C81C-45F6-A57F-5ABD9991F28F}") = "Projet_Gestion_Etablissement_Scolaire", "Projet_Gestion_Etablissement_Scolaire\Projet_Gestion_Etablissement_Scolaire.vbproj", "{BFE44664-EE84-4E49-99DC-C5EC1D303E8E}"
EndProject
Global
	GlobalSection(SolutionConfigurationPlatforms) = preSolution
		Debug|x86 = Debug|x86
		Release|x86 = Release|x86
	EndGlobalSection
	GlobalSection(ProjectConfigurationPlatforms) = postSolution
		{BFE44664-EE84-4E49-99DC-C5EC1D303E8E}.Debug|x86.ActiveCfg = Debug|x86
		{BFE44664-EE84-4E49-99DC-C5EC1D303E8E}.Debug|x86.Build.0 = Debug|x86
		{BFE44664-EE84-4E49-99DC-C5EC1D303E8E}.Release|x86.ActiveCfg = Release|x86
		{BFE44664-EE84-4E49-99DC-C5EC1D303E8E}.Release|x86.Build.0 = Release|x86
	EndGlobalSection
	GlobalSection(SolutionProperties) = preSolution
		HideSolutionNode = FALSE
	EndGlobalSection
EndGlobal
